PODS:
  - AFNetworking (3.1.0):
    - AFNetworking/NSURLSession (= 3.1.0)
    - AFNetworking/Reachability (= 3.1.0)
    - AFNetworking/Security (= 3.1.0)
    - AFNetworking/Serialization (= 3.1.0)
    - AFNetworking/UIKit (= 3.1.0)
  - AFNetworking/NSURLSession (3.1.0):
    - AFNetworking/Reachability
    - AFNetworking/Security
    - AFNetworking/Serialization
  - AFNetworking/Reachability (3.1.0)
  - AFNetworking/Security (3.1.0)
  - AFNetworking/Serialization (3.1.0)
  - AFNetworking/UIKit (3.1.0):
    - AFNetworking/NSURLSession
  - AMap2DMap (3.3.0)
  - AMapLocation (1.2.2)
  - AMapSearch (3.3.0)
  - ELCImagePickerController (0.2.0)
  - HexColors (2.3.0)
  - Masonry (1.0.1)
  - MJExtension (3.0.13)
  - MJRefresh (3.1.12)
  - RealReachability (1.1.7):
    - RealReachability/Connection (= 1.1.7)
    - RealReachability/Ping (= 1.1.7)
  - RealReachability/Connection (1.1.7)
  - RealReachability/Ping (1.1.7)
  - RongCloudIMKit (2.5.2)
  - SDWebImage (3.7.6):
    - SDWebImage/Core (= 3.7.6)
  - SDWebImage/Core (3.7.6)
  - SVProgressHUD (2.0.3)
  - TSMessagesNW (0.9.15):
    - HexColors (~> 2.3.0)

DEPENDENCIES:
  - AFNetworking (~> 3.1.0)
  - AMap2DMap (~> 3.3.0)
  - AMapLocation (~> 1.2.2)
  - AMapSearch (~> 3.3.0)
  - ELCImagePickerController (~> 0.2.0)
  - Masonry (~> 1.0.0)
  - MJExtension (~> 3.0.13)
  - MJRefresh (~> 3.1.0)
  - RealReachability (~> 1.1.3)
  - RongCloudIMKit (~> 2.5.0)
  - SDWebImage (~> 3.7.5)
  - SVProgressHUD (~> 2.0.3)
  - TSMessagesNW (~> 0.9.15)

SPEC CHECKSUMS:
  AFNetworking: 5e0e199f73d8626b11e79750991f5d173d1f8b67
  AMap2DMap: e53461cdc345375e514579db17dbd721ff9ed9eb
  AMapLocation: 5412fbf0385716d4d481e39a95929057cddc093f
  AMapSearch: cff4faf59c007f7d1f2bae2d7170c3912783981a
  ELCImagePickerController: b1b7084434a7d49f2cfc916bde1f3ba353d38de9
  HexColors: 6ad3947c3447a055a3aa8efa859def096351fe5f
  Masonry: a1a931a0d08870ed8ae415a2ea5ea68ebcac77df
  MJExtension: 5932755f451458eefa24239358817f8d291240c7
  MJRefresh: b96cdb21c4aa75a7b07654311ab2f315c497e806
  RealReachability: 8b6644c6b3145f7552ed83bffb52c49b0f3b55e3
  RongCloudIMKit: cce0a68e8e5d0baaecb99ec5685048ca8800a27d
  SDWebImage: c325cf02c30337336b95beff20a13df489ec0ec9
  SVProgressHUD: b0830714205bea1317ea1a2ebc71e5633af334d4
  TSMessagesNW: a1e7b4b77d54aee4a0492adda948746252ef1f2d

COCOAPODS: 0.39.0
