// !$*UTF8*$!
{
	archiveVersion = 1;
	classes = {
	};
	objectVersion = 46;
	objects = {

/* Begin PBXBuildFile section */
		55CCD78B1CB3640500C3B8CA /* main.m in Sources */ = {isa = PBXBuildFile; fileRef = 55CCD78A1CB3640500C3B8CA /* main.m */; };
		55CCD78E1CB3640600C3B8CA /* AppDelegate.m in Sources */ = {isa = PBXBuildFile; fileRef = 55CCD78D1CB3640600C3B8CA /* AppDelegate.m */; };
		55CCD7941CB3640600C3B8CA /* Main.storyboard in Resources */ = {isa = PBXBuildFile; fileRef = 55CCD7921CB3640600C3B8CA /* Main.storyboard */; };
		55CCD7961CB3640600C3B8CA /* Assets.xcassets in Resources */ = {isa = PBXBuildFile; fileRef = 55CCD7951CB3640600C3B8CA /* Assets.xcassets */; };
		55CCD7991CB3640600C3B8CA /* LaunchScreen.storyboard in Resources */ = {isa = PBXBuildFile; fileRef = 55CCD7971CB3640600C3B8CA /* LaunchScreen.storyboard */; };
		55CCD7A41CB3640600C3B8CA /* huiyanTests.m in Sources */ = {isa = PBXBuildFile; fileRef = 55CCD7A31CB3640600C3B8CA /* huiyanTests.m */; };
		55CCD7AF1CB3640600C3B8CA /* huiyanUITests.m in Sources */ = {isa = PBXBuildFile; fileRef = 55CCD7AE1CB3640600C3B8CA /* huiyanUITests.m */; };
		55CCD7E11CB38B3200C3B8CA /* HomePageController.m in Sources */ = {isa = PBXBuildFile; fileRef = 55CCD7E01CB38B3200C3B8CA /* HomePageController.m */; };
		55CCD7E71CB38DB700C3B8CA /* ServerManager.m in Sources */ = {isa = PBXBuildFile; fileRef = 55CCD7E61CB38DB700C3B8CA /* ServerManager.m */; };
		55CCD7EA1CB39CD000C3B8CA /* WikiViewController.m in Sources */ = {isa = PBXBuildFile; fileRef = 55CCD7E91CB39CD000C3B8CA /* WikiViewController.m */; };
		55CCD7ED1CB39FAE00C3B8CA /* HomePageCell.m in Sources */ = {isa = PBXBuildFile; fileRef = 55CCD7EC1CB39FAE00C3B8CA /* HomePageCell.m */; };
		55CCD7F81CB3E17200C3B8CA /* HomePageModel.m in Sources */ = {isa = PBXBuildFile; fileRef = 55CCD7F71CB3E17200C3B8CA /* HomePageModel.m */; };
		55CCD7FC1CB4A4E400C3B8CA /* UITabBarController+ShowHideBar.m in Sources */ = {isa = PBXBuildFile; fileRef = 55CCD7FB1CB4A4E400C3B8CA /* UITabBarController+ShowHideBar.m */; };
		5E8DBD57091BEE67885EDC35 /* libPods-huiyan.a in Frameworks */ = {isa = PBXBuildFile; fileRef = FE9295E751F9A708FD02E80F /* libPods-huiyan.a */; };
/* End PBXBuildFile section */

/* Begin PBXContainerItemProxy section */
		55CCD7A01CB3640600C3B8CA /* PBXContainerItemProxy */ = {
			isa = PBXContainerItemProxy;
			containerPortal = 55CCD77E1CB3640500C3B8CA /* Project object */;
			proxyType = 1;
			remoteGlobalIDString = 55CCD7851CB3640500C3B8CA;
			remoteInfo = huiyan;
		};
		55CCD7AB1CB3640600C3B8CA /* PBXContainerItemProxy */ = {
			isa = PBXContainerItemProxy;
			containerPortal = 55CCD77E1CB3640500C3B8CA /* Project object */;
			proxyType = 1;
			remoteGlobalIDString = 55CCD7851CB3640500C3B8CA;
			remoteInfo = huiyan;
		};
/* End PBXContainerItemProxy section */

/* Begin PBXFileReference section */
		2678B32960948D1A938A510E /* Pods-huiyan.release.xcconfig */ = {isa = PBXFileReference; includeInIndex = 1; lastKnownFileType = text.xcconfig; name = "Pods-huiyan.release.xcconfig"; path = "Pods/Target Support Files/Pods-huiyan/Pods-huiyan.release.xcconfig"; sourceTree = "<group>"; };
		3500AD8F3B45BD551DB23170 /* Pods-huiyan.debug.xcconfig */ = {isa = PBXFileReference; includeInIndex = 1; lastKnownFileType = text.xcconfig; name = "Pods-huiyan.debug.xcconfig"; path = "Pods/Target Support Files/Pods-huiyan/Pods-huiyan.debug.xcconfig"; sourceTree = "<group>"; };
		55CCD7861CB3640500C3B8CA /* huiyan.app */ = {isa = PBXFileReference; explicitFileType = wrapper.application; includeInIndex = 0; path = huiyan.app; sourceTree = BUILT_PRODUCTS_DIR; };
		55CCD78A1CB3640500C3B8CA /* main.m */ = {isa = PBXFileReference; lastKnownFileType = sourcecode.c.objc; path = main.m; sourceTree = "<group>"; };
		55CCD78C1CB3640600C3B8CA /* AppDelegate.h */ = {isa = PBXFileReference; lastKnownFileType = sourcecode.c.h; path = AppDelegate.h; sourceTree = "<group>"; };
		55CCD78D1CB3640600C3B8CA /* AppDelegate.m */ = {isa = PBXFileReference; lastKnownFileType = sourcecode.c.objc; path = AppDelegate.m; sourceTree = "<group>"; };
		55CCD7931CB3640600C3B8CA /* Base */ = {isa = PBXFileReference; lastKnownFileType = file.storyboard; name = Base; path = Base.lproj/Main.storyboard; sourceTree = "<group>"; };
		55CCD7951CB3640600C3B8CA /* Assets.xcassets */ = {isa = PBXFileReference; lastKnownFileType = folder.assetcatalog; path = Assets.xcassets; sourceTree = "<group>"; };
		55CCD7981CB3640600C3B8CA /* Base */ = {isa = PBXFileReference; lastKnownFileType = file.storyboard; name = Base; path = Base.lproj/LaunchScreen.storyboard; sourceTree = "<group>"; };
		55CCD79A1CB3640600C3B8CA /* Info.plist */ = {isa = PBXFileReference; lastKnownFileType = text.plist.xml; path = Info.plist; sourceTree = "<group>"; };
		55CCD79F1CB3640600C3B8CA /* huiyanTests.xctest */ = {isa = PBXFileReference; explicitFileType = wrapper.cfbundle; includeInIndex = 0; path = huiyanTests.xctest; sourceTree = BUILT_PRODUCTS_DIR; };
		55CCD7A31CB3640600C3B8CA /* huiyanTests.m */ = {isa = PBXFileReference; lastKnownFileType = sourcecode.c.objc; path = huiyanTests.m; sourceTree = "<group>"; };
		55CCD7A51CB3640600C3B8CA /* Info.plist */ = {isa = PBXFileReference; lastKnownFileType = text.plist.xml; path = Info.plist; sourceTree = "<group>"; };
		55CCD7AA1CB3640600C3B8CA /* huiyanUITests.xctest */ = {isa = PBXFileReference; explicitFileType = wrapper.cfbundle; includeInIndex = 0; path = huiyanUITests.xctest; sourceTree = BUILT_PRODUCTS_DIR; };
		55CCD7AE1CB3640600C3B8CA /* huiyanUITests.m */ = {isa = PBXFileReference; lastKnownFileType = sourcecode.c.objc; path = huiyanUITests.m; sourceTree = "<group>"; };
		55CCD7B01CB3640600C3B8CA /* Info.plist */ = {isa = PBXFileReference; lastKnownFileType = text.plist.xml; path = Info.plist; sourceTree = "<group>"; };
		55CCD7DF1CB38B3200C3B8CA /* HomePageController.h */ = {isa = PBXFileReference; fileEncoding = 4; lastKnownFileType = sourcecode.c.h; path = HomePageController.h; sourceTree = "<group>"; };
		55CCD7E01CB38B3200C3B8CA /* HomePageController.m */ = {isa = PBXFileReference; fileEncoding = 4; lastKnownFileType = sourcecode.c.objc; path = HomePageController.m; sourceTree = "<group>"; };
		55CCD7E31CB38D1C00C3B8CA /* Constant.h */ = {isa = PBXFileReference; lastKnownFileType = sourcecode.c.h; path = Constant.h; sourceTree = "<group>"; };
		55CCD7E51CB38DB700C3B8CA /* ServerManager.h */ = {isa = PBXFileReference; fileEncoding = 4; lastKnownFileType = sourcecode.c.h; path = ServerManager.h; sourceTree = "<group>"; };
		55CCD7E61CB38DB700C3B8CA /* ServerManager.m */ = {isa = PBXFileReference; fileEncoding = 4; lastKnownFileType = sourcecode.c.objc; path = ServerManager.m; sourceTree = "<group>"; };
		55CCD7E81CB39CD000C3B8CA /* WikiViewController.h */ = {isa = PBXFileReference; fileEncoding = 4; lastKnownFileType = sourcecode.c.h; path = WikiViewController.h; sourceTree = "<group>"; };
		55CCD7E91CB39CD000C3B8CA /* WikiViewController.m */ = {isa = PBXFileReference; fileEncoding = 4; lastKnownFileType = sourcecode.c.objc; path = WikiViewController.m; sourceTree = "<group>"; };
		55CCD7EB1CB39FAE00C3B8CA /* HomePageCell.h */ = {isa = PBXFileReference; fileEncoding = 4; lastKnownFileType = sourcecode.c.h; path = HomePageCell.h; sourceTree = "<group>"; };
		55CCD7EC1CB39FAE00C3B8CA /* HomePageCell.m */ = {isa = PBXFileReference; fileEncoding = 4; lastKnownFileType = sourcecode.c.objc; path = HomePageCell.m; sourceTree = "<group>"; };
		55CCD7F61CB3E17200C3B8CA /* HomePageModel.h */ = {isa = PBXFileReference; fileEncoding = 4; lastKnownFileType = sourcecode.c.h; path = HomePageModel.h; sourceTree = "<group>"; };
		55CCD7F71CB3E17200C3B8CA /* HomePageModel.m */ = {isa = PBXFileReference; fileEncoding = 4; lastKnownFileType = sourcecode.c.objc; path = HomePageModel.m; sourceTree = "<group>"; };
		55CCD7FA1CB4A4E400C3B8CA /* UITabBarController+ShowHideBar.h */ = {isa = PBXFileReference; fileEncoding = 4; lastKnownFileType = sourcecode.c.h; path = "UITabBarController+ShowHideBar.h"; sourceTree = "<group>"; };
		55CCD7FB1CB4A4E400C3B8CA /* UITabBarController+ShowHideBar.m */ = {isa = PBXFileReference; fileEncoding = 4; lastKnownFileType = sourcecode.c.objc; path = "UITabBarController+ShowHideBar.m"; sourceTree = "<group>"; };
		FE9295E751F9A708FD02E80F /* libPods-huiyan.a */ = {isa = PBXFileReference; explicitFileType = archive.ar; includeInIndex = 0; path = "libPods-huiyan.a"; sourceTree = BUILT_PRODUCTS_DIR; };
/* End PBXFileReference section */

/* Begin PBXFrameworksBuildPhase section */
		55CCD7831CB3640500C3B8CA /* Frameworks */ = {
			isa = PBXFrameworksBuildPhase;
			buildActionMask = 2147483647;
			files = (
				5E8DBD57091BEE67885EDC35 /* libPods-huiyan.a in Frameworks */,
			);
			runOnlyForDeploymentPostprocessing = 0;
		};
		55CCD79C1CB3640600C3B8CA /* Frameworks */ = {
			isa = PBXFrameworksBuildPhase;
			buildActionMask = 2147483647;
			files = (
			);
			runOnlyForDeploymentPostprocessing = 0;
		};
		55CCD7A71CB3640600C3B8CA /* Frameworks */ = {
			isa = PBXFrameworksBuildPhase;
			buildActionMask = 2147483647;
			files = (
			);
			runOnlyForDeploymentPostprocessing = 0;
		};
/* End PBXFrameworksBuildPhase section */

/* Begin PBXGroup section */
		0ADB6E0A7C260ECCC8850B29 /* Frameworks */ = {
			isa = PBXGroup;
			children = (
				FE9295E751F9A708FD02E80F /* libPods-huiyan.a */,
			);
			name = Frameworks;
			sourceTree = "<group>";
		};
		54238885983A1EE0C5DC7561 /* Pods */ = {
			isa = PBXGroup;
			children = (
				3500AD8F3B45BD551DB23170 /* Pods-huiyan.debug.xcconfig */,
				2678B32960948D1A938A510E /* Pods-huiyan.release.xcconfig */,
			);
			name = Pods;
			sourceTree = "<group>";
		};
		55CCD77D1CB3640500C3B8CA = {
			isa = PBXGroup;
			children = (
				55CCD7881CB3640500C3B8CA /* huiyan */,
				55CCD7A21CB3640600C3B8CA /* huiyanTests */,
				55CCD7AD1CB3640600C3B8CA /* huiyanUITests */,
				55CCD7871CB3640500C3B8CA /* Products */,
				54238885983A1EE0C5DC7561 /* Pods */,
				0ADB6E0A7C260ECCC8850B29 /* Frameworks */,
			);
			sourceTree = "<group>";
		};
		55CCD7871CB3640500C3B8CA /* Products */ = {
			isa = PBXGroup;
			children = (
				55CCD7861CB3640500C3B8CA /* huiyan.app */,
				55CCD79F1CB3640600C3B8CA /* huiyanTests.xctest */,
				55CCD7AA1CB3640600C3B8CA /* huiyanUITests.xctest */,
			);
			name = Products;
			sourceTree = "<group>";
		};
		55CCD7881CB3640500C3B8CA /* huiyan */ = {
			isa = PBXGroup;
			children = (
				55CCD7F91CB4A49500C3B8CA /* Category */,
				55CCD7E41CB38D8A00C3B8CA /* Helpers */,
				55CCD7E21CB38CC800C3B8CA /* Define */,
				55CCD78C1CB3640600C3B8CA /* AppDelegate.h */,
				55CCD78D1CB3640600C3B8CA /* AppDelegate.m */,
				55CCD7D31CB38A0600C3B8CA /* Finding */,
				55CCD7D71CB38A0600C3B8CA /* Friends */,
				55CCD7DB1CB38A0600C3B8CA /* Memain */,
				55CCD7CE1CB3871800C3B8CA /* Homepage */,
				55CCD7D21CB3871800C3B8CA /* ImageSource */,
				55CCD7921CB3640600C3B8CA /* Main.storyboard */,
				55CCD7D11CB3871800C3B8CA /* Views */,
				55CCD7951CB3640600C3B8CA /* Assets.xcassets */,
				55CCD7971CB3640600C3B8CA /* LaunchScreen.storyboard */,
				55CCD79A1CB3640600C3B8CA /* Info.plist */,
				55CCD7891CB3640500C3B8CA /* Supporting Files */,
			);
			path = huiyan;
			sourceTree = "<group>";
		};
		55CCD7891CB3640500C3B8CA /* Supporting Files */ = {
			isa = PBXGroup;
			children = (
				55CCD78A1CB3640500C3B8CA /* main.m */,
			);
			name = "Supporting Files";
			sourceTree = "<group>";
		};
		55CCD7A21CB3640600C3B8CA /* huiyanTests */ = {
			isa = PBXGroup;
			children = (
				55CCD7A31CB3640600C3B8CA /* huiyanTests.m */,
				55CCD7A51CB3640600C3B8CA /* Info.plist */,
			);
			path = huiyanTests;
			sourceTree = "<group>";
		};
		55CCD7AD1CB3640600C3B8CA /* huiyanUITests */ = {
			isa = PBXGroup;
			children = (
				55CCD7AE1CB3640600C3B8CA /* huiyanUITests.m */,
				55CCD7B01CB3640600C3B8CA /* Info.plist */,
			);
			path = huiyanUITests;
			sourceTree = "<group>";
		};
		55CCD7CE1CB3871800C3B8CA /* Homepage */ = {
			isa = PBXGroup;
			children = (
				55CCD7F51CB3B07C00C3B8CA /* Views */,
				55CCD7EB1CB39FAE00C3B8CA /* HomePageCell.h */,
				55CCD7EC1CB39FAE00C3B8CA /* HomePageCell.m */,
				55CCD7CF1CB3871800C3B8CA /* Controllers */,
				55CCD7D01CB3871800C3B8CA /* Models */,
			);
			path = Homepage;
			sourceTree = "<group>";
		};
		55CCD7CF1CB3871800C3B8CA /* Controllers */ = {
			isa = PBXGroup;
			children = (
				55CCD7DF1CB38B3200C3B8CA /* HomePageController.h */,
				55CCD7E01CB38B3200C3B8CA /* HomePageController.m */,
				55CCD7E81CB39CD000C3B8CA /* WikiViewController.h */,
				55CCD7E91CB39CD000C3B8CA /* WikiViewController.m */,
			);
			path = Controllers;
			sourceTree = "<group>";
		};
		55CCD7D01CB3871800C3B8CA /* Models */ = {
			isa = PBXGroup;
			children = (
				55CCD7F61CB3E17200C3B8CA /* HomePageModel.h */,
				55CCD7F71CB3E17200C3B8CA /* HomePageModel.m */,
			);
			path = Models;
			sourceTree = "<group>";
		};
		55CCD7D11CB3871800C3B8CA /* Views */ = {
			isa = PBXGroup;
			children = (
			);
			name = Views;
			path = Homepage/Views;
			sourceTree = "<group>";
		};
		55CCD7D21CB3871800C3B8CA /* ImageSource */ = {
			isa = PBXGroup;
			children = (
			);
			path = ImageSource;
			sourceTree = "<group>";
		};
		55CCD7D31CB38A0600C3B8CA /* Finding */ = {
			isa = PBXGroup;
			children = (
				55CCD7D41CB38A0600C3B8CA /* Controllers */,
				55CCD7D51CB38A0600C3B8CA /* Models */,
				55CCD7D61CB38A0600C3B8CA /* Views */,
			);
			path = Finding;
			sourceTree = "<group>";
		};
		55CCD7D41CB38A0600C3B8CA /* Controllers */ = {
			isa = PBXGroup;
			children = (
			);
			path = Controllers;
			sourceTree = "<group>";
		};
		55CCD7D51CB38A0600C3B8CA /* Models */ = {
			isa = PBXGroup;
			children = (
			);
			path = Models;
			sourceTree = "<group>";
		};
		55CCD7D61CB38A0600C3B8CA /* Views */ = {
			isa = PBXGroup;
			children = (
			);
			path = Views;
			sourceTree = "<group>";
		};
		55CCD7D71CB38A0600C3B8CA /* Friends */ = {
			isa = PBXGroup;
			children = (
				55CCD7D81CB38A0600C3B8CA /* Controllers */,
				55CCD7D91CB38A0600C3B8CA /* Models */,
				55CCD7DA1CB38A0600C3B8CA /* Views */,
			);
			path = Friends;
			sourceTree = "<group>";
		};
		55CCD7D81CB38A0600C3B8CA /* Controllers */ = {
			isa = PBXGroup;
			children = (
			);
			path = Controllers;
			sourceTree = "<group>";
		};
		55CCD7D91CB38A0600C3B8CA /* Models */ = {
			isa = PBXGroup;
			children = (
			);
			path = Models;
			sourceTree = "<group>";
		};
		55CCD7DA1CB38A0600C3B8CA /* Views */ = {
			isa = PBXGroup;
			children = (
			);
			path = Views;
			sourceTree = "<group>";
		};
		55CCD7DB1CB38A0600C3B8CA /* Memain */ = {
			isa = PBXGroup;
			children = (
				55CCD7DC1CB38A0600C3B8CA /* Controllers */,
				55CCD7DD1CB38A0600C3B8CA /* Models */,
				55CCD7DE1CB38A0600C3B8CA /* Views */,
			);
			path = Memain;
			sourceTree = "<group>";
		};
		55CCD7DC1CB38A0600C3B8CA /* Controllers */ = {
			isa = PBXGroup;
			children = (
			);
			path = Controllers;
			sourceTree = "<group>";
		};
		55CCD7DD1CB38A0600C3B8CA /* Models */ = {
			isa = PBXGroup;
			children = (
			);
			path = Models;
			sourceTree = "<group>";
		};
		55CCD7DE1CB38A0600C3B8CA /* Views */ = {
			isa = PBXGroup;
			children = (
			);
			path = Views;
			sourceTree = "<group>";
		};
		55CCD7E21CB38CC800C3B8CA /* Define */ = {
			isa = PBXGroup;
			children = (
				55CCD7E31CB38D1C00C3B8CA /* Constant.h */,
			);
			name = Define;
			path = Homepage/Define;
			sourceTree = "<group>";
		};
		55CCD7E41CB38D8A00C3B8CA /* Helpers */ = {
			isa = PBXGroup;
			children = (
				55CCD7E51CB38DB700C3B8CA /* ServerManager.h */,
				55CCD7E61CB38DB700C3B8CA /* ServerManager.m */,
			);
			path = Helpers;
			sourceTree = "<group>";
		};
		55CCD7F51CB3B07C00C3B8CA /* Views */ = {
			isa = PBXGroup;
			children = (
			);
			path = Views;
			sourceTree = "<group>";
		};
		55CCD7F91CB4A49500C3B8CA /* Category */ = {
			isa = PBXGroup;
			children = (
				55CCD7FA1CB4A4E400C3B8CA /* UITabBarController+ShowHideBar.h */,
				55CCD7FB1CB4A4E400C3B8CA /* UITabBarController+ShowHideBar.m */,
			);
			path = Category;
			sourceTree = "<group>";
		};
/* End PBXGroup section */

/* Begin PBXNativeTarget section */
		55CCD7851CB3640500C3B8CA /* huiyan */ = {
			isa = PBXNativeTarget;
			buildConfigurationList = 55CCD7B31CB3640600C3B8CA /* Build configuration list for PBXNativeTarget "huiyan" */;
			buildPhases = (
				8E97CF49BA38A32CA7ADE186 /* Check Pods Manifest.lock */,
				55CCD7821CB3640500C3B8CA /* Sources */,
				55CCD7831CB3640500C3B8CA /* Frameworks */,
				55CCD7841CB3640500C3B8CA /* Resources */,
				C6EA0A029D399F7809CB5E5B /* Embed Pods Frameworks */,
				FA77EE4CEF84A74419B4B7DB /* Copy Pods Resources */,
			);
			buildRules = (
			);
			dependencies = (
			);
			name = huiyan;
			productName = huiyan;
			productReference = 55CCD7861CB3640500C3B8CA /* huiyan.app */;
			productType = "com.apple.product-type.application";
		};
		55CCD79E1CB3640600C3B8CA /* huiyanTests */ = {
			isa = PBXNativeTarget;
			buildConfigurationList = 55CCD7B61CB3640600C3B8CA /* Build configuration list for PBXNativeTarget "huiyanTests" */;
			buildPhases = (
				55CCD79B1CB3640600C3B8CA /* Sources */,
				55CCD79C1CB3640600C3B8CA /* Frameworks */,
				55CCD79D1CB3640600C3B8CA /* Resources */,
			);
			buildRules = (
			);
			dependencies = (
				55CCD7A11CB3640600C3B8CA /* PBXTargetDependency */,
			);
			name = huiyanTests;
			productName = huiyanTests;
			productReference = 55CCD79F1CB3640600C3B8CA /* huiyanTests.xctest */;
			productType = "com.apple.product-type.bundle.unit-test";
		};
		55CCD7A91CB3640600C3B8CA /* huiyanUITests */ = {
			isa = PBXNativeTarget;
			buildConfigurationList = 55CCD7B91CB3640600C3B8CA /* Build configuration list for PBXNativeTarget "huiyanUITests" */;
			buildPhases = (
				55CCD7A61CB3640600C3B8CA /* Sources */,
				55CCD7A71CB3640600C3B8CA /* Frameworks */,
				55CCD7A81CB3640600C3B8CA /* Resources */,
			);
			buildRules = (
			);
			dependencies = (
				55CCD7AC1CB3640600C3B8CA /* PBXTargetDependency */,
			);
			name = huiyanUITests;
			productName = huiyanUITests;
			productReference = 55CCD7AA1CB3640600C3B8CA /* huiyanUITests.xctest */;
			productType = "com.apple.product-type.bundle.ui-testing";
		};
/* End PBXNativeTarget section */

/* Begin PBXProject section */
		55CCD77E1CB3640500C3B8CA /* Project object */ = {
			isa = PBXProject;
			attributes = {
				LastUpgradeCheck = 0730;
				ORGANIZATIONNAME = com.huayin;
				TargetAttributes = {
					55CCD7851CB3640500C3B8CA = {
						CreatedOnToolsVersion = 7.3;
						DevelopmentTeam = 8WV7FK6JAM;
					};
					55CCD79E1CB3640600C3B8CA = {
						CreatedOnToolsVersion = 7.3;
						TestTargetID = 55CCD7851CB3640500C3B8CA;
					};
					55CCD7A91CB3640600C3B8CA = {
						CreatedOnToolsVersion = 7.3;
						TestTargetID = 55CCD7851CB3640500C3B8CA;
					};
				};
			};
			buildConfigurationList = 55CCD7811CB3640500C3B8CA /* Build configuration list for PBXProject "huiyan" */;
			compatibilityVersion = "Xcode 3.2";
			developmentRegion = English;
			hasScannedForEncodings = 0;
			knownRegions = (
				en,
				Base,
			);
			mainGroup = 55CCD77D1CB3640500C3B8CA;
			productRefGroup = 55CCD7871CB3640500C3B8CA /* Products */;
			projectDirPath = "";
			projectRoot = "";
			targets = (
				55CCD7851CB3640500C3B8CA /* huiyan */,
				55CCD79E1CB3640600C3B8CA /* huiyanTests */,
				55CCD7A91CB3640600C3B8CA /* huiyanUITests */,
			);
		};
/* End PBXProject section */

/* Begin PBXResourcesBuildPhase section */
		55CCD7841CB3640500C3B8CA /* Resources */ = {
			isa = PBXResourcesBuildPhase;
			buildActionMask = 2147483647;
			files = (
				55CCD7991CB3640600C3B8CA /* LaunchScreen.storyboard in Resources */,
				55CCD7961CB3640600C3B8CA /* Assets.xcassets in Resources */,
				55CCD7941CB3640600C3B8CA /* Main.storyboard in Resources */,
			);
			runOnlyForDeploymentPostprocessing = 0;
		};
		55CCD79D1CB3640600C3B8CA /* Resources */ = {
			isa = PBXResourcesBuildPhase;
			buildActionMask = 2147483647;
			files = (
			);
			runOnlyForDeploymentPostprocessing = 0;
		};
		55CCD7A81CB3640600C3B8CA /* Resources */ = {
			isa = PBXResourcesBuildPhase;
			buildActionMask = 2147483647;
			files = (
			);
			runOnlyForDeploymentPostprocessing = 0;
		};
/* End PBXResourcesBuildPhase section */

/* Begin PBXShellScriptBuildPhase section */
		8E97CF49BA38A32CA7ADE186 /* Check Pods Manifest.lock */ = {
			isa = PBXShellScriptBuildPhase;
			buildActionMask = 2147483647;
			files = (
			);
			inputPaths = (
			);
			name = "Check Pods Manifest.lock";
			outputPaths = (
			);
			runOnlyForDeploymentPostprocessing = 0;
			shellPath = /bin/sh;
			shellScript = "diff \"${PODS_ROOT}/../Podfile.lock\" \"${PODS_ROOT}/Manifest.lock\" > /dev/null\nif [[ $? != 0 ]] ; then\n    cat << EOM\nerror: The sandbox is not in sync with the Podfile.lock. Run 'pod install' or update your CocoaPods installation.\nEOM\n    exit 1\nfi\n";
			showEnvVarsInLog = 0;
		};
		C6EA0A029D399F7809CB5E5B /* Embed Pods Frameworks */ = {
			isa = PBXShellScriptBuildPhase;
			buildActionMask = 2147483647;
			files = (
			);
			inputPaths = (
			);
			name = "Embed Pods Frameworks";
			outputPaths = (
			);
			runOnlyForDeploymentPostprocessing = 0;
			shellPath = /bin/sh;
			shellScript = "\"${SRCROOT}/Pods/Target Support Files/Pods-huiyan/Pods-huiyan-frameworks.sh\"\n";
			showEnvVarsInLog = 0;
		};
		FA77EE4CEF84A74419B4B7DB /* Copy Pods Resources */ = {
			isa = PBXShellScriptBuildPhase;
			buildActionMask = 2147483647;
			files = (
			);
			inputPaths = (
			);
			name = "Copy Pods Resources";
			outputPaths = (
			);
			runOnlyForDeploymentPostprocessing = 0;
			shellPath = /bin/sh;
			shellScript = "\"${SRCROOT}/Pods/Target Support Files/Pods-huiyan/Pods-huiyan-resources.sh\"\n";
			showEnvVarsInLog = 0;
		};
/* End PBXShellScriptBuildPhase section */

/* Begin PBXSourcesBuildPhase section */
		55CCD7821CB3640500C3B8CA /* Sources */ = {
			isa = PBXSourcesBuildPhase;
			buildActionMask = 2147483647;
			files = (
				55CCD7FC1CB4A4E400C3B8CA /* UITabBarController+ShowHideBar.m in Sources */,
				55CCD7F81CB3E17200C3B8CA /* HomePageModel.m in Sources */,
				55CCD7E71CB38DB700C3B8CA /* ServerManager.m in Sources */,
				55CCD7EA1CB39CD000C3B8CA /* WikiViewController.m in Sources */,
				55CCD7E11CB38B3200C3B8CA /* HomePageController.m in Sources */,
				55CCD7ED1CB39FAE00C3B8CA /* HomePageCell.m in Sources */,
				55CCD78E1CB3640600C3B8CA /* AppDelegate.m in Sources */,
				55CCD78B1CB3640500C3B8CA /* main.m in Sources */,
			);
			runOnlyForDeploymentPostprocessing = 0;
		};
		55CCD79B1CB3640600C3B8CA /* Sources */ = {
			isa = PBXSourcesBuildPhase;
			buildActionMask = 2147483647;
			files = (
				55CCD7A41CB3640600C3B8CA /* huiyanTests.m in Sources */,
			);
			runOnlyForDeploymentPostprocessing = 0;
		};
		55CCD7A61CB3640600C3B8CA /* Sources */ = {
			isa = PBXSourcesBuildPhase;
			buildActionMask = 2147483647;
			files = (
				55CCD7AF1CB3640600C3B8CA /* huiyanUITests.m in Sources */,
			);
			runOnlyForDeploymentPostprocessing = 0;
		};
/* End PBXSourcesBuildPhase section */

/* Begin PBXTargetDependency section */
		55CCD7A11CB3640600C3B8CA /* PBXTargetDependency */ = {
			isa = PBXTargetDependency;
			target = 55CCD7851CB3640500C3B8CA /* huiyan */;
			targetProxy = 55CCD7A01CB3640600C3B8CA /* PBXContainerItemProxy */;
		};
		55CCD7AC1CB3640600C3B8CA /* PBXTargetDependency */ = {
			isa = PBXTargetDependency;
			target = 55CCD7851CB3640500C3B8CA /* huiyan */;
			targetProxy = 55CCD7AB1CB3640600C3B8CA /* PBXContainerItemProxy */;
		};
/* End PBXTargetDependency section */

/* Begin PBXVariantGroup section */
		55CCD7921CB3640600C3B8CA /* Main.storyboard */ = {
			isa = PBXVariantGroup;
			children = (
				55CCD7931CB3640600C3B8CA /* Base */,
			);
			name = Main.storyboard;
			sourceTree = "<group>";
		};
		55CCD7971CB3640600C3B8CA /* LaunchScreen.storyboard */ = {
			isa = PBXVariantGroup;
			children = (
				55CCD7981CB3640600C3B8CA /* Base */,
			);
			name = LaunchScreen.storyboard;
			sourceTree = "<group>";
		};
/* End PBXVariantGroup section */

/* Begin XCBuildConfiguration section */
		55CCD7B11CB3640600C3B8CA /* Debug */ = {
			isa = XCBuildConfiguration;
			buildSettings = {
				ALWAYS_SEARCH_USER_PATHS = NO;
				CLANG_ANALYZER_NONNULL = YES;
				CLANG_CXX_LANGUAGE_STANDARD = "gnu++0x";
				CLANG_CXX_LIBRARY = "libc++";
				CLANG_ENABLE_MODULES = YES;
				CLANG_ENABLE_OBJC_ARC = YES;
				CLANG_WARN_BOOL_CONVERSION = YES;
				CLANG_WARN_CONSTANT_CONVERSION = YES;
				CLANG_WARN_DIRECT_OBJC_ISA_USAGE = YES_ERROR;
				CLANG_WARN_EMPTY_BODY = YES;
				CLANG_WARN_ENUM_CONVERSION = YES;
				CLANG_WARN_INT_CONVERSION = YES;
				CLANG_WARN_OBJC_ROOT_CLASS = YES_ERROR;
				CLANG_WARN_UNREACHABLE_CODE = YES;
				CLANG_WARN__DUPLICATE_METHOD_MATCH = YES;
				"CODE_SIGN_IDENTITY[sdk=iphoneos*]" = "iPhone Developer";
				COPY_PHASE_STRIP = NO;
				DEBUG_INFORMATION_FORMAT = dwarf;
				ENABLE_STRICT_OBJC_MSGSEND = YES;
				ENABLE_TESTABILITY = YES;
				GCC_C_LANGUAGE_STANDARD = gnu99;
				GCC_DYNAMIC_NO_PIC = NO;
				GCC_NO_COMMON_BLOCKS = YES;
				GCC_OPTIMIZATION_LEVEL = 0;
				GCC_PREPROCESSOR_DEFINITIONS = (
					"DEBUG=1",
					"$(inherited)",
				);
				GCC_WARN_64_TO_32_BIT_CONVERSION = YES;
				GCC_WARN_ABOUT_RETURN_TYPE = YES_ERROR;
				GCC_WARN_UNDECLARED_SELECTOR = YES;
				GCC_WARN_UNINITIALIZED_AUTOS = YES_AGGRESSIVE;
				GCC_WARN_UNUSED_FUNCTION = YES;
				GCC_WARN_UNUSED_VARIABLE = YES;
				IPHONEOS_DEPLOYMENT_TARGET = 9.0;
				MTL_ENABLE_DEBUG_INFO = YES;
				ONLY_ACTIVE_ARCH = YES;
				SDKROOT = iphoneos;
			};
			name = Debug;
		};
		55CCD7B21CB3640600C3B8CA /* Release */ = {
			isa = XCBuildConfiguration;
			buildSettings = {
				ALWAYS_SEARCH_USER_PATHS = NO;
				CLANG_ANALYZER_NONNULL = YES;
				CLANG_CXX_LANGUAGE_STANDARD = "gnu++0x";
				CLANG_CXX_LIBRARY = "libc++";
				CLANG_ENABLE_MODULES = YES;
				CLANG_ENABLE_OBJC_ARC = YES;
				CLANG_WARN_BOOL_CONVERSION = YES;
				CLANG_WARN_CONSTANT_CONVERSION = YES;
				CLANG_WARN_DIRECT_OBJC_ISA_USAGE = YES_ERROR;
				CLANG_WARN_EMPTY_BODY = YES;
				CLANG_WARN_ENUM_CONVERSION = YES;
				CLANG_WARN_INT_CONVERSION = YES;
				CLANG_WARN_OBJC_ROOT_CLASS = YES_ERROR;
				CLANG_WARN_UNREACHABLE_CODE = YES;
				CLANG_WARN__DUPLICATE_METHOD_MATCH = YES;
				"CODE_SIGN_IDENTITY[sdk=iphoneos*]" = "iPhone Developer";
				COPY_PHASE_STRIP = NO;
				DEBUG_INFORMATION_FORMAT = "dwarf-with-dsym";
				ENABLE_NS_ASSERTIONS = NO;
				ENABLE_STRICT_OBJC_MSGSEND = YES;
				GCC_C_LANGUAGE_STANDARD = gnu99;
				GCC_NO_COMMON_BLOCKS = YES;
				GCC_WARN_64_TO_32_BIT_CONVERSION = YES;
				GCC_WARN_ABOUT_RETURN_TYPE = YES_ERROR;
				GCC_WARN_UNDECLARED_SELECTOR = YES;
				GCC_WARN_UNINITIALIZED_AUTOS = YES_AGGRESSIVE;
				GCC_WARN_UNUSED_FUNCTION = YES;
				GCC_WARN_UNUSED_VARIABLE = YES;
				IPHONEOS_DEPLOYMENT_TARGET = 9.0;
				MTL_ENABLE_DEBUG_INFO = NO;
				SDKROOT = iphoneos;
				VALIDATE_PRODUCT = YES;
			};
			name = Release;
		};
		55CCD7B41CB3640600C3B8CA /* Debug */ = {
			isa = XCBuildConfiguration;
			baseConfigurationReference = 3500AD8F3B45BD551DB23170 /* Pods-huiyan.debug.xcconfig */;
			buildSettings = {
				ASSETCATALOG_COMPILER_APPICON_NAME = AppIcon;
				CODE_SIGN_IDENTITY = "iPhone Developer";
				INFOPLIST_FILE = huiyan/Info.plist;
				IPHONEOS_DEPLOYMENT_TARGET = 9.0;
				LD_RUNPATH_SEARCH_PATHS = "$(inherited) @executable_path/Frameworks";
				PRODUCT_BUNDLE_IDENTIFIER = huayin.huiyan;
				PRODUCT_NAME = "$(TARGET_NAME)";
			};
			name = Debug;
		};
		55CCD7B51CB3640600C3B8CA /* Release */ = {
			isa = XCBuildConfiguration;
			baseConfigurationReference = 2678B32960948D1A938A510E /* Pods-huiyan.release.xcconfig */;
			buildSettings = {
				ASSETCATALOG_COMPILER_APPICON_NAME = AppIcon;
				CODE_SIGN_IDENTITY = "iPhone Developer";
				INFOPLIST_FILE = huiyan/Info.plist;
				IPHONEOS_DEPLOYMENT_TARGET = 9.0;
				LD_RUNPATH_SEARCH_PATHS = "$(inherited) @executable_path/Frameworks";
				PRODUCT_BUNDLE_IDENTIFIER = huayin.huiyan;
				PRODUCT_NAME = "$(TARGET_NAME)";
			};
			name = Release;
		};
		55CCD7B71CB3640600C3B8CA /* Debug */ = {
			isa = XCBuildConfiguration;
			buildSettings = {
				BUNDLE_LOADER = "$(TEST_HOST)";
				INFOPLIST_FILE = huiyanTests/Info.plist;
				LD_RUNPATH_SEARCH_PATHS = "$(inherited) @executable_path/Frameworks @loader_path/Frameworks";
				PRODUCT_BUNDLE_IDENTIFIER = huayin.huiyanTests;
				PRODUCT_NAME = "$(TARGET_NAME)";
				TEST_HOST = "$(BUILT_PRODUCTS_DIR)/huiyan.app/huiyan";
			};
			name = Debug;
		};
		55CCD7B81CB3640600C3B8CA /* Release */ = {
			isa = XCBuildConfiguration;
			buildSettings = {
				BUNDLE_LOADER = "$(TEST_HOST)";
				INFOPLIST_FILE = huiyanTests/Info.plist;
				LD_RUNPATH_SEARCH_PATHS = "$(inherited) @executable_path/Frameworks @loader_path/Frameworks";
				PRODUCT_BUNDLE_IDENTIFIER = huayin.huiyanTests;
				PRODUCT_NAME = "$(TARGET_NAME)";
				TEST_HOST = "$(BUILT_PRODUCTS_DIR)/huiyan.app/huiyan";
			};
			name = Release;
		};
		55CCD7BA1CB3640600C3B8CA /* Debug */ = {
			isa = XCBuildConfiguration;
			buildSettings = {
				INFOPLIST_FILE = huiyanUITests/Info.plist;
				LD_RUNPATH_SEARCH_PATHS = "$(inherited) @executable_path/Frameworks @loader_path/Frameworks";
				PRODUCT_BUNDLE_IDENTIFIER = huayin.huiyanUITests;
				PRODUCT_NAME = "$(TARGET_NAME)";
				TEST_TARGET_NAME = huiyan;
			};
			name = Debug;
		};
		55CCD7BB1CB3640600C3B8CA /* Release */ = {
			isa = XCBuildConfiguration;
			buildSettings = {
				INFOPLIST_FILE = huiyanUITests/Info.plist;
				LD_RUNPATH_SEARCH_PATHS = "$(inherited) @executable_path/Frameworks @loader_path/Frameworks";
				PRODUCT_BUNDLE_IDENTIFIER = huayin.huiyanUITests;
				PRODUCT_NAME = "$(TARGET_NAME)";
				TEST_TARGET_NAME = huiyan;
			};
			name = Release;
		};
/* End XCBuildConfiguration section */

/* Begin XCConfigurationList section */
		55CCD7811CB3640500C3B8CA /* Build configuration list for PBXProject "huiyan" */ = {
			isa = XCConfigurationList;
			buildConfigurations = (
				55CCD7B11CB3640600C3B8CA /* Debug */,
				55CCD7B21CB3640600C3B8CA /* Release */,
			);
			defaultConfigurationIsVisible = 0;
			defaultConfigurationName = Release;
		};
		55CCD7B31CB3640600C3B8CA /* Build configuration list for PBXNativeTarget "huiyan" */ = {
			isa = XCConfigurationList;
			buildConfigurations = (
				55CCD7B41CB3640600C3B8CA /* Debug */,
				55CCD7B51CB3640600C3B8CA /* Release */,
			);
			defaultConfigurationIsVisible = 0;
			defaultConfigurationName = Release;
		};
		55CCD7B61CB3640600C3B8CA /* Build configuration list for PBXNativeTarget "huiyanTests" */ = {
			isa = XCConfigurationList;
			buildConfigurations = (
				55CCD7B71CB3640600C3B8CA /* Debug */,
				55CCD7B81CB3640600C3B8CA /* Release */,
			);
			defaultConfigurationIsVisible = 0;
			defaultConfigurationName = Release;
		};
		55CCD7B91CB3640600C3B8CA /* Build configuration list for PBXNativeTarget "huiyanUITests" */ = {
			isa = XCConfigurationList;
			buildConfigurations = (
				55CCD7BA1CB3640600C3B8CA /* Debug */,
				55CCD7BB1CB3640600C3B8CA /* Release */,
			);
			defaultConfigurationIsVisible = 0;
			defaultConfigurationName = Release;
		};
/* End XCConfigurationList section */
	};
	rootObject = 55CCD77E1CB3640500C3B8CA /* Project object */;
}
